
Microsoft Visual Studio Solution File, Format Version 12.00
# Visual Studio Version 16
VisualStudioVersion = 16.0.29709.97
MinimumVisualStudioVersion = 10.0.40219.1
Project("{FAE04EC0-301F-11D3-BF4B-00C04F79EFBC}") = "The_debt_book", "The_debt_book\The_debt_book.csproj", "{58EF9AA4-8C4D-4E94-BD8D-E9C2ED3637B9}"
EndProject
Global
	GlobalSection(SolutionConfigurationPlatforms) = preSolution
		Debug|Any CPU = Debug|Any CPU
		Release|Any CPU = Release|Any CPU
	EndGlobalSection
	GlobalSection(ProjectConfigurationPlatforms) = postSolution
		{58EF9AA4-8C4D-4E94-BD8D-E9C2ED3637B9}.Debug|Any CPU.ActiveCfg = Debug|Any CPU
		{58EF9AA4-8C4D-4E94-BD8D-E9C2ED3637B9}.Debug|Any CPU.Build.0 = Debug|Any CPU
		{58EF9AA4-8C4D-4E94-BD8D-E9C2ED3637B9}.Release|Any CPU.ActiveCfg = Release|Any CPU
		{58EF9AA4-8C4D-4E94-BD8D-E9C2ED3637B9}.Release|Any CPU.Build.0 = Release|Any CPU
	EndGlobalSection
	GlobalSection(SolutionProperties) = preSolution
		HideSolutionNode = FALSE
	EndGlobalSection
	GlobalSection(ExtensibilityGlobals) = postSolution
		SolutionGuid = {52578E26-A9C2-4699-A7A7-37FBE78579A6}
	EndGlobalSection
EndGlobal
